
Microsoft Visual Studio Solution File, Format Version 12.00
# Visual Studio Version 17
VisualStudioVersion = 17.14.36623.8 d17.14
MinimumVisualStudioVersion = 10.0.40219.1
Project("{FAE04EC0-301F-11D3-BF4B-00C04F79EFBC}") = "Discord Splitter", "Discord Splitter.csproj", "{B87179B0-578B-4CD8-9B99-4872A5590618}"
EndProject
Global
	GlobalSection(SolutionConfigurationPlatforms) = preSolution
		Debug|Any CPU = Debug|Any CPU
		Release|Any CPU = Release|Any CPU
	EndGlobalSection
	GlobalSection(ProjectConfigurationPlatforms) = postSolution
		{B87179B0-578B-4CD8-9B99-4872A5590618}.Debug|Any CPU.ActiveCfg = Debug|Any CPU
		{B87179B0-578B-4CD8-9B99-4872A5590618}.Debug|Any CPU.Build.0 = Debug|Any CPU
		{B87179B0-578B-4CD8-9B99-4872A5590618}.Release|Any CPU.ActiveCfg = Release|Any CPU
		{B87179B0-578B-4CD8-9B99-4872A5590618}.Release|Any CPU.Build.0 = Release|Any CPU
	EndGlobalSection
	GlobalSection(SolutionProperties) = preSolution
		HideSolutionNode = FALSE
	EndGlobalSection
	GlobalSection(ExtensibilityGlobals) = postSolution
		SolutionGuid = {3583C3A4-AF6B-4BE1-88E8-167E7E62232C}
	EndGlobalSection
EndGlobal
